
Microsoft Visual Studio Solution File, Format Version 12.00
# Visual Studio Version 17
VisualStudioVersion = 17.11.35312.102
MinimumVisualStudioVersion = 10.0.40219.1
Project("{FAE04EC0-301F-11D3-BF4B-00C04F79EFBC}") = "mastermind_1", "mastermind_1\mastermind_1.csproj", "{C05298B6-32AF-4614-ADBC-B9CFE8DE8937}"
EndProject
Global
	GlobalSection(SolutionConfigurationPlatforms) = preSolution
		Debug|Any CPU = Debug|Any CPU
		Release|Any CPU = Release|Any CPU
	EndGlobalSection
	GlobalSection(ProjectConfigurationPlatforms) = postSolution
		{C05298B6-32AF-4614-ADBC-B9CFE8DE8937}.Debug|Any CPU.ActiveCfg = Debug|Any CPU
		{C05298B6-32AF-4614-ADBC-B9CFE8DE8937}.Debug|Any CPU.Build.0 = Debug|Any CPU
		{C05298B6-32AF-4614-ADBC-B9CFE8DE8937}.Release|Any CPU.ActiveCfg = Release|Any CPU
		{C05298B6-32AF-4614-ADBC-B9CFE8DE8937}.Release|Any CPU.Build.0 = Release|Any CPU
	EndGlobalSection
	GlobalSection(SolutionProperties) = preSolution
		HideSolutionNode = FALSE
	EndGlobalSection
	GlobalSection(ExtensibilityGlobals) = postSolution
		SolutionGuid = {6B8FA139-BA0C-47AF-BEAC-34CC7994CA5B}
	EndGlobalSection
EndGlobal
